
Microsoft Visual Studio Solution File, Format Version 12.00
# Visual Studio Version 16
VisualStudioVersion = 16.0.0.0
MinimumVisualStudioVersion = 16.0.0.0
Project("{9A19103F-16F7-4668-BE54-9A1E7A4F7556}") = "Learnman", "Learnman\Learnman.csproj", "{5F943D70-BC09-4B25-940C-F64478D9760B}"
EndProject
Project("{9A19103F-16F7-4668-BE54-9A1E7A4F7556}") = "Learnman.Client", "Learnman.Client\Learnman.Client.csproj", "{EBF05CBB-B512-4AF1-B7E6-1BFB4F901730}"
EndProject
Project("{FAE04EC0-301F-11D3-BF4B-00C04F79EFBC}") = "Learnman.TrayApp", "Learnman.TrayApp\Learnman.TrayApp.csproj", "{8A966E5F-8A67-41E3-9BE8-A284901606A4}"
EndProject
Global
	GlobalSection(SolutionConfigurationPlatforms) = preSolution
		Debug|Any CPU = Debug|Any CPU
		Debug|x64 = Debug|x64
		Debug|x86 = Debug|x86
		Release|Any CPU = Release|Any CPU
		Release|x64 = Release|x64
		Release|x86 = Release|x86
	EndGlobalSection
	GlobalSection(ProjectConfigurationPlatforms) = postSolution
		{5F943D70-BC09-4B25-940C-F64478D9760B}.Debug|Any CPU.ActiveCfg = Debug|Any CPU
		{5F943D70-BC09-4B25-940C-F64478D9760B}.Debug|Any CPU.Build.0 = Debug|Any CPU
		{5F943D70-BC09-4B25-940C-F64478D9760B}.Debug|x64.ActiveCfg = Debug|Any CPU
		{5F943D70-BC09-4B25-940C-F64478D9760B}.Debug|x64.Build.0 = Debug|Any CPU
		{5F943D70-BC09-4B25-940C-F64478D9760B}.Debug|x86.ActiveCfg = Debug|Any CPU
		{5F943D70-BC09-4B25-940C-F64478D9760B}.Debug|x86.Build.0 = Debug|Any CPU
		{5F943D70-BC09-4B25-940C-F64478D9760B}.Release|Any CPU.ActiveCfg = Release|Any CPU
		{5F943D70-BC09-4B25-940C-F64478D9760B}.Release|Any CPU.Build.0 = Release|Any CPU
		{5F943D70-BC09-4B25-940C-F64478D9760B}.Release|x64.ActiveCfg = Release|Any CPU
		{5F943D70-BC09-4B25-940C-F64478D9760B}.Release|x64.Build.0 = Release|Any CPU
		{5F943D70-BC09-4B25-940C-F64478D9760B}.Release|x86.ActiveCfg = Release|Any CPU
		{5F943D70-BC09-4B25-940C-F64478D9760B}.Release|x86.Build.0 = Release|Any CPU
		{EBF05CBB-B512-4AF1-B7E6-1BFB4F901730}.Debug|Any CPU.ActiveCfg = Debug|Any CPU
		{EBF05CBB-B512-4AF1-B7E6-1BFB4F901730}.Debug|Any CPU.Build.0 = Debug|Any CPU
		{EBF05CBB-B512-4AF1-B7E6-1BFB4F901730}.Debug|x64.ActiveCfg = Debug|Any CPU
		{EBF05CBB-B512-4AF1-B7E6-1BFB4F901730}.Debug|x64.Build.0 = Debug|Any CPU
		{EBF05CBB-B512-4AF1-B7E6-1BFB4F901730}.Debug|x86.ActiveCfg = Debug|Any CPU
		{EBF05CBB-B512-4AF1-B7E6-1BFB4F901730}.Debug|x86.Build.0 = Debug|Any CPU
		{EBF05CBB-B512-4AF1-B7E6-1BFB4F901730}.Release|Any CPU.ActiveCfg = Release|Any CPU
		{EBF05CBB-B512-4AF1-B7E6-1BFB4F901730}.Release|Any CPU.Build.0 = Release|Any CPU
		{EBF05CBB-B512-4AF1-B7E6-1BFB4F901730}.Release|x64.ActiveCfg = Release|Any CPU
		{EBF05CBB-B512-4AF1-B7E6-1BFB4F901730}.Release|x64.Build.0 = Release|Any CPU
		{EBF05CBB-B512-4AF1-B7E6-1BFB4F901730}.Release|x86.ActiveCfg = Release|Any CPU
		{EBF05CBB-B512-4AF1-B7E6-1BFB4F901730}.Release|x86.Build.0 = Release|Any CPU
		{8A966E5F-8A67-41E3-9BE8-A284901606A4}.Debug|Any CPU.ActiveCfg = Debug|Any CPU
		{8A966E5F-8A67-41E3-9BE8-A284901606A4}.Debug|Any CPU.Build.0 = Debug|Any CPU
		{8A966E5F-8A67-41E3-9BE8-A284901606A4}.Debug|x64.ActiveCfg = Debug|Any CPU
		{8A966E5F-8A67-41E3-9BE8-A284901606A4}.Debug|x64.Build.0 = Debug|Any CPU
		{8A966E5F-8A67-41E3-9BE8-A284901606A4}.Debug|x86.ActiveCfg = Debug|Any CPU
		{8A966E5F-8A67-41E3-9BE8-A284901606A4}.Debug|x86.Build.0 = Debug|Any CPU
		{8A966E5F-8A67-41E3-9BE8-A284901606A4}.Release|Any CPU.ActiveCfg = Release|Any CPU
		{8A966E5F-8A67-41E3-9BE8-A284901606A4}.Release|Any CPU.Build.0 = Release|Any CPU
		{8A966E5F-8A67-41E3-9BE8-A284901606A4}.Release|x64.ActiveCfg = Release|Any CPU
		{8A966E5F-8A67-41E3-9BE8-A284901606A4}.Release|x64.Build.0 = Release|Any CPU
		{8A966E5F-8A67-41E3-9BE8-A284901606A4}.Release|x86.ActiveCfg = Release|Any CPU
		{8A966E5F-8A67-41E3-9BE8-A284901606A4}.Release|x86.Build.0 = Release|Any CPU
	EndGlobalSection
	GlobalSection(SolutionProperties) = preSolution
		HideSolutionNode = FALSE
	EndGlobalSection
	GlobalSection(ExtensibilityGlobals) = postSolution
		SolutionGuid = {E3045635-79AF-4194-A389-CE8D5E804A43}
	EndGlobalSection
EndGlobal
